<?xml version="1.0" encoding="utf-8"?>
<Project ToolsVersion="4.0" xmlns="http://schemas.microsoft.com/developer/msbuild/2003">
  <ItemGroup>
    <Filter Include="Source Files">
      <UniqueIdentifier>{8f246a58-055c-4adc-af10-1bf43888667c}</UniqueIdentifier>
      <Extensions>cpp;c;cxx;rc;def;r;odl;idl;hpj;bat</Extensions>
    </Filter>
    <Filter Include="Header Files">
      <UniqueIdentifier>{a86d3414-648c-4a1b-9a44-abe92f04ce32}</UniqueIdentifier>
      <Extensions>h;hpp;hxx;hm;inl</Extensions>
    </Filter>
    <Filter Include="Resource Files">
      <UniqueIdentifier>{5521a84d-af07-4118-a716-9ecf13de21c1}</UniqueIdentifier>
      <Extensions>ico;cur;bmp;dlg;rc2;rct;bin;rgs;gif;jpg;jpeg;jpe</Extensions>
    </Filter>
  </ItemGroup>
  <ItemGroup>
    <ClCompile Include="figureGroundSeparation.cpp">
      <Filter>Source Files</Filter>
    </ClCompile>
    <ClCompile Include="..\src\NoduleSegmenationSupport\szDistanceTransform.cpp">
      <Filter>Source Files</Filter>
    </ClCompile>
    <ClCompile Include="..\src\NoduleSegmenationSupport\szExtractForeground.cpp">
      <Filter>Source Files</Filter>
    </ClCompile>
    <ClCompile Include="..\src\NoduleSegmenationSupport\szFigureGroundSeparation.cpp">
      <Filter>Source Files</Filter>
    </ClCompile>
    <ClCompile Include="..\src\NoduleSegmenationSupport\szFindSeeds.cpp">
      <Filter>Source Files</Filter>
    </ClCompile>
    <ClCompile Include="..\src\NoduleSegmenationSupport\szMexUtility.cpp">
      <Filter>Source Files</Filter>
    </ClCompile>
    <ClCompile Include="..\src\NoduleSegmenationSupport\szMiscOperations.cpp">
      <Filter>Source Files</Filter>
    </ClCompile>
    <ClCompile Include="..\src\NoduleSegmenationSupport\szMyNeighborOp.cpp">
      <Filter>Source Files</Filter>
    </ClCompile>
  </ItemGroup>
  <ItemGroup>
    <ClInclude Include="..\include\NoduleSegmenationSupport\mexFileIO.h">
      <Filter>Header Files</Filter>
    </ClInclude>
    <ClInclude Include="..\include\NoduleSegmenationSupport\szDefaultParam.h">
      <Filter>Header Files</Filter>
    </ClInclude>
    <ClInclude Include="..\include\NoduleSegmenationSupport\szDistanceTransform.h">
      <Filter>Header Files</Filter>
    </ClInclude>
    <ClInclude Include="..\include\NoduleSegmenationSupport\szExtractForeground.h">
      <Filter>Header Files</Filter>
    </ClInclude>
    <ClInclude Include="..\include\NoduleSegmenationSupport\szFigureGroundSeparation.h">
      <Filter>Header Files</Filter>
    </ClInclude>
    <ClInclude Include="..\include\NoduleSegmenationSupport\szFindSeeds.h">
      <Filter>Header Files</Filter>
    </ClInclude>
    <ClInclude Include="..\include\NoduleSegmenationSupport\szMexUtility.h">
      <Filter>Header Files</Filter>
    </ClInclude>
    <ClInclude Include="..\include\NoduleSegmenationSupport\szMexUtilityTemplate.h">
      <Filter>Header Files</Filter>
    </ClInclude>
    <ClInclude Include="..\include\NoduleSegmenationSupport\szMiscOperations.h">
      <Filter>Header Files</Filter>
    </ClInclude>
    <ClInclude Include="..\include\NoduleSegmenationSupport\szMyNeighborOp.h">
      <Filter>Header Files</Filter>
    </ClInclude>
  </ItemGroup>
</Project>