<?xml version="1.0" encoding="utf-8"?>
<Project ToolsVersion="12.0" xmlns="http://schemas.microsoft.com/developer/msbuild/2003">
  <ItemGroup>
    <Filter Include="Source Files">
      <UniqueIdentifier>{9597846C-16E3-4dbe-A095-78A67F9150FB}</UniqueIdentifier>
      <Extensions>cpp;c;cc;cxx;def;odl;idl;hpj;bat;asm;asmx</Extensions>
    </Filter>
    <Filter Include="Header Files">
      <UniqueIdentifier>{619CA6F9-BD95-4cf1-A38D-3282FD8AB496}</UniqueIdentifier>
      <Extensions>h;hpp;hxx;hm;inl;inc;xsd</Extensions>
    </Filter>
    <Filter Include="Resource Files">
      <UniqueIdentifier>{67DA6AB6-F800-4c08-8B7A-83BB121AAD01}</UniqueIdentifier>
      <Extensions>rc;ico;cur;bmp;dlg;rc2;rct;bin;rgs;gif;jpg;jpeg;jpe;resx;tiff;tif;png;wav</Extensions>
    </Filter>
  </ItemGroup>
  <ItemGroup>
    <ClCompile Include="..\src\NoduleSegmenationSupport\szMexUtility.cpp">
      <Filter>Source Files</Filter>
    </ClCompile>
    <ClCompile Include="..\src\NoduleSegmenationSupport\szMiscOperations.cpp">
      <Filter>Source Files</Filter>
    </ClCompile>
    <ClCompile Include="..\src\NoduleSegmenationSupport\szMyNeighborOp.cpp">
      <Filter>Source Files</Filter>
    </ClCompile>
    <ClCompile Include="..\src\NoduleSegmenationSupport\szDistanceTransform.cpp">
      <Filter>Source Files</Filter>
    </ClCompile>
    <ClCompile Include="..\src\NoduleSegmenationSupport\szDistanceTransformNonIsotropic.cpp">
      <Filter>Source Files</Filter>
    </ClCompile>
    <ClCompile Include="relocateClickPoint4D.cpp">
      <Filter>Source Files</Filter>
    </ClCompile>
  </ItemGroup>
  <ItemGroup>
    <ClInclude Include="..\include\NoduleSegmenationSupport\mexFileIO.h">
      <Filter>Header Files</Filter>
    </ClInclude>
    <ClInclude Include="..\include\NoduleSegmenationSupport\szDefaultParam.h">
      <Filter>Header Files</Filter>
    </ClInclude>
    <ClInclude Include="..\include\NoduleSegmenationSupport\szMexUtility.h">
      <Filter>Header Files</Filter>
    </ClInclude>
    <ClInclude Include="..\include\NoduleSegmenationSupport\szMexUtilityTemplate.h">
      <Filter>Header Files</Filter>
    </ClInclude>
    <ClInclude Include="..\include\NoduleSegmenationSupport\szMiscOperations.h">
      <Filter>Header Files</Filter>
    </ClInclude>
    <ClInclude Include="..\include\NoduleSegmenationSupport\szMyNeighborOp.h">
      <Filter>Header Files</Filter>
    </ClInclude>
    <ClInclude Include="..\include\NoduleSegmenationSupport\szParticle.h">
      <Filter>Header Files</Filter>
    </ClInclude>
    <ClInclude Include="..\include\DynamicTimeWarp.h">
      <Filter>Header Files</Filter>
    </ClInclude>
  </ItemGroup>
  <ItemGroup>
    <None Include="ReadMe.txt" />
  </ItemGroup>
</Project>